
Microsoft Visual Studio Solution File, Format Version 12.00
# Visual Studio Version 16
VisualStudioVersion = 16.0.30011.22
MinimumVisualStudioVersion = 10.0.40219.1
Project("{9A19103F-16F7-4668-BE54-9A1E7A4F7556}") = "server", "server\server.csproj", "{7C857C4E-C39D-4C73-B9FA-E1507C8EDBEB}"
EndProject
Project("{FAE04EC0-301F-11D3-BF4B-00C04F79EFBC}") = "serverTest", "serverTest\serverTest.csproj", "{ACBE3A94-EE7E-4CAA-A140-CE00E724EDA6}"
EndProject
Global
	GlobalSection(SolutionConfigurationPlatforms) = preSolution
		Debug|Any CPU = Debug|Any CPU
		Release|Any CPU = Release|Any CPU
	EndGlobalSection
	GlobalSection(ProjectConfigurationPlatforms) = postSolution
		{7C857C4E-C39D-4C73-B9FA-E1507C8EDBEB}.Debug|Any CPU.ActiveCfg = Debug|Any CPU
		{7C857C4E-C39D-4C73-B9FA-E1507C8EDBEB}.Debug|Any CPU.Build.0 = Debug|Any CPU
		{7C857C4E-C39D-4C73-B9FA-E1507C8EDBEB}.Release|Any CPU.ActiveCfg = Release|Any CPU
		{7C857C4E-C39D-4C73-B9FA-E1507C8EDBEB}.Release|Any CPU.Build.0 = Release|Any CPU
		{ACBE3A94-EE7E-4CAA-A140-CE00E724EDA6}.Debug|Any CPU.ActiveCfg = Debug|Any CPU
		{ACBE3A94-EE7E-4CAA-A140-CE00E724EDA6}.Debug|Any CPU.Build.0 = Debug|Any CPU
		{ACBE3A94-EE7E-4CAA-A140-CE00E724EDA6}.Release|Any CPU.ActiveCfg = Release|Any CPU
		{ACBE3A94-EE7E-4CAA-A140-CE00E724EDA6}.Release|Any CPU.Build.0 = Release|Any CPU
	EndGlobalSection
	GlobalSection(SolutionProperties) = preSolution
		HideSolutionNode = FALSE
	EndGlobalSection
	GlobalSection(ExtensibilityGlobals) = postSolution
		SolutionGuid = {29938EE8-0964-4D5A-97B6-4409726A955C}
	EndGlobalSection
EndGlobal
